
Microsoft Visual Studio Solution File, Format Version 12.00
# Visual Studio Version 17
VisualStudioVersion = 17.0.31903.59
MinimumVisualStudioVersion = 10.0.40219.1
Project("{FAE04EC0-301F-11D3-BF4B-00C04F79EFBC}") = "Focu.Api", "src\Focu.Api\Focu.Api.csproj", "{2E01E7D2-05DF-4FCD-ADB0-8BD3AB751C7A}"
EndProject
Project("{FAE04EC0-301F-11D3-BF4B-00C04F79EFBC}") = "Focu.Core", "src\Focu.Core\Focu.Core.csproj", "{30949E71-04F3-42F1-8764-04D05A3321E1}"
EndProject
Project("{FAE04EC0-301F-11D3-BF4B-00C04F79EFBC}") = "Focu.Web", "Focu.Web\Focu.Web.csproj", "{F7BA4656-214B-4D07-B9A4-FB74171CAE44}"
EndProject
Global
	GlobalSection(SolutionConfigurationPlatforms) = preSolution
		Debug|Any CPU = Debug|Any CPU
		Debug|x64 = Debug|x64
		Debug|x86 = Debug|x86
		Release|Any CPU = Release|Any CPU
		Release|x64 = Release|x64
		Release|x86 = Release|x86
	EndGlobalSection
	GlobalSection(ProjectConfigurationPlatforms) = postSolution
		{2E01E7D2-05DF-4FCD-ADB0-8BD3AB751C7A}.Debug|Any CPU.ActiveCfg = Debug|Any CPU
		{2E01E7D2-05DF-4FCD-ADB0-8BD3AB751C7A}.Debug|Any CPU.Build.0 = Debug|Any CPU
		{2E01E7D2-05DF-4FCD-ADB0-8BD3AB751C7A}.Debug|x64.ActiveCfg = Debug|Any CPU
		{2E01E7D2-05DF-4FCD-ADB0-8BD3AB751C7A}.Debug|x64.Build.0 = Debug|Any CPU
		{2E01E7D2-05DF-4FCD-ADB0-8BD3AB751C7A}.Debug|x86.ActiveCfg = Debug|Any CPU
		{2E01E7D2-05DF-4FCD-ADB0-8BD3AB751C7A}.Debug|x86.Build.0 = Debug|Any CPU
		{2E01E7D2-05DF-4FCD-ADB0-8BD3AB751C7A}.Release|Any CPU.ActiveCfg = Release|Any CPU
		{2E01E7D2-05DF-4FCD-ADB0-8BD3AB751C7A}.Release|Any CPU.Build.0 = Release|Any CPU
		{2E01E7D2-05DF-4FCD-ADB0-8BD3AB751C7A}.Release|x64.ActiveCfg = Release|Any CPU
		{2E01E7D2-05DF-4FCD-ADB0-8BD3AB751C7A}.Release|x64.Build.0 = Release|Any CPU
		{2E01E7D2-05DF-4FCD-ADB0-8BD3AB751C7A}.Release|x86.ActiveCfg = Release|Any CPU
		{2E01E7D2-05DF-4FCD-ADB0-8BD3AB751C7A}.Release|x86.Build.0 = Release|Any CPU
		{30949E71-04F3-42F1-8764-04D05A3321E1}.Debug|Any CPU.ActiveCfg = Debug|Any CPU
		{30949E71-04F3-42F1-8764-04D05A3321E1}.Debug|Any CPU.Build.0 = Debug|Any CPU
		{30949E71-04F3-42F1-8764-04D05A3321E1}.Debug|x64.ActiveCfg = Debug|Any CPU
		{30949E71-04F3-42F1-8764-04D05A3321E1}.Debug|x64.Build.0 = Debug|Any CPU
		{30949E71-04F3-42F1-8764-04D05A3321E1}.Debug|x86.ActiveCfg = Debug|Any CPU
		{30949E71-04F3-42F1-8764-04D05A3321E1}.Debug|x86.Build.0 = Debug|Any CPU
		{30949E71-04F3-42F1-8764-04D05A3321E1}.Release|Any CPU.ActiveCfg = Release|Any CPU
		{30949E71-04F3-42F1-8764-04D05A3321E1}.Release|Any CPU.Build.0 = Release|Any CPU
		{30949E71-04F3-42F1-8764-04D05A3321E1}.Release|x64.ActiveCfg = Release|Any CPU
		{30949E71-04F3-42F1-8764-04D05A3321E1}.Release|x64.Build.0 = Release|Any CPU
		{30949E71-04F3-42F1-8764-04D05A3321E1}.Release|x86.ActiveCfg = Release|Any CPU
		{30949E71-04F3-42F1-8764-04D05A3321E1}.Release|x86.Build.0 = Release|Any CPU
		{F7BA4656-214B-4D07-B9A4-FB74171CAE44}.Debug|Any CPU.ActiveCfg = Debug|Any CPU
		{F7BA4656-214B-4D07-B9A4-FB74171CAE44}.Debug|Any CPU.Build.0 = Debug|Any CPU
		{F7BA4656-214B-4D07-B9A4-FB74171CAE44}.Debug|x64.ActiveCfg = Debug|Any CPU
		{F7BA4656-214B-4D07-B9A4-FB74171CAE44}.Debug|x64.Build.0 = Debug|Any CPU
		{F7BA4656-214B-4D07-B9A4-FB74171CAE44}.Debug|x86.ActiveCfg = Debug|Any CPU
		{F7BA4656-214B-4D07-B9A4-FB74171CAE44}.Debug|x86.Build.0 = Debug|Any CPU
		{F7BA4656-214B-4D07-B9A4-FB74171CAE44}.Release|Any CPU.ActiveCfg = Release|Any CPU
		{F7BA4656-214B-4D07-B9A4-FB74171CAE44}.Release|Any CPU.Build.0 = Release|Any CPU
		{F7BA4656-214B-4D07-B9A4-FB74171CAE44}.Release|x64.ActiveCfg = Release|Any CPU
		{F7BA4656-214B-4D07-B9A4-FB74171CAE44}.Release|x64.Build.0 = Release|Any CPU
		{F7BA4656-214B-4D07-B9A4-FB74171CAE44}.Release|x86.ActiveCfg = Release|Any CPU
		{F7BA4656-214B-4D07-B9A4-FB74171CAE44}.Release|x86.Build.0 = Release|Any CPU
	EndGlobalSection
	GlobalSection(SolutionProperties) = preSolution
		HideSolutionNode = FALSE
	EndGlobalSection
EndGlobal
